
Microsoft Visual Studio Solution File, Format Version 12.00
# Visual Studio Version 17
VisualStudioVersion = 17.7.34024.191
MinimumVisualStudioVersion = 10.0.40219.1
Project("{9A19103F-16F7-4668-BE54-9A1E7A4F7556}") = "MVCPlannerFinal", "MVCPlannerFinal.csproj", "{B6811D19-9242-4B35-A9D4-51DD236B6CA9}"
EndProject
Project("{FAE04EC0-301F-11D3-BF4B-00C04F79EFBC}") = "MVCPlannerFinalApi", "..\MVCPlannerFinalApi\MVCPlannerFinalApi.csproj", "{8C7C731B-ADFB-4DFD-8BB2-5F69FD16B89C}"
EndProject
Global
	GlobalSection(SolutionConfigurationPlatforms) = preSolution
		Debug|Any CPU = Debug|Any CPU
		Release|Any CPU = Release|Any CPU
	EndGlobalSection
	GlobalSection(ProjectConfigurationPlatforms) = postSolution
		{B6811D19-9242-4B35-A9D4-51DD236B6CA9}.Debug|Any CPU.ActiveCfg = Debug|Any CPU
		{B6811D19-9242-4B35-A9D4-51DD236B6CA9}.Debug|Any CPU.Build.0 = Debug|Any CPU
		{B6811D19-9242-4B35-A9D4-51DD236B6CA9}.Release|Any CPU.ActiveCfg = Release|Any CPU
		{B6811D19-9242-4B35-A9D4-51DD236B6CA9}.Release|Any CPU.Build.0 = Release|Any CPU
		{8C7C731B-ADFB-4DFD-8BB2-5F69FD16B89C}.Debug|Any CPU.ActiveCfg = Debug|Any CPU
		{8C7C731B-ADFB-4DFD-8BB2-5F69FD16B89C}.Debug|Any CPU.Build.0 = Debug|Any CPU
		{8C7C731B-ADFB-4DFD-8BB2-5F69FD16B89C}.Release|Any CPU.ActiveCfg = Release|Any CPU
		{8C7C731B-ADFB-4DFD-8BB2-5F69FD16B89C}.Release|Any CPU.Build.0 = Release|Any CPU
	EndGlobalSection
	GlobalSection(SolutionProperties) = preSolution
		HideSolutionNode = FALSE
	EndGlobalSection
	GlobalSection(ExtensibilityGlobals) = postSolution
		SolutionGuid = {7732EA3A-E018-498D-AC8E-FEA9B2BF26CA}
	EndGlobalSection
EndGlobal
